
Microsoft Visual Studio Solution File, Format Version 12.00
# Visual Studio Version 16
VisualStudioVersion = 16.0.30907.101
MinimumVisualStudioVersion = 10.0.40219.1
Project("{FAE04EC0-301F-11D3-BF4B-00C04F79EFBC}") = "FilterDuplicates", "FilterDuplicates.csproj", "{B44A1187-0D18-4199-BC8D-F8D72482F913}"
EndProject
Global
	GlobalSection(SolutionConfigurationPlatforms) = preSolution
		Debug|Any CPU = Debug|Any CPU
		Release|Any CPU = Release|Any CPU
	EndGlobalSection
	GlobalSection(ProjectConfigurationPlatforms) = postSolution
		{B44A1187-0D18-4199-BC8D-F8D72482F913}.Debug|Any CPU.ActiveCfg = Debug|Any CPU
		{B44A1187-0D18-4199-BC8D-F8D72482F913}.Debug|Any CPU.Build.0 = Debug|Any CPU
		{B44A1187-0D18-4199-BC8D-F8D72482F913}.Release|Any CPU.ActiveCfg = Release|Any CPU
		{B44A1187-0D18-4199-BC8D-F8D72482F913}.Release|Any CPU.Build.0 = Release|Any CPU
	EndGlobalSection
	GlobalSection(SolutionProperties) = preSolution
		HideSolutionNode = FALSE
	EndGlobalSection
	GlobalSection(ExtensibilityGlobals) = postSolution
		SolutionGuid = {8515203B-B53C-4DB4-B40E-5995426A3B6F}
	EndGlobalSection
EndGlobal
